
Microsoft Visual Studio Solution File, Format Version 12.00
# Visual Studio 15
Project("{FAE04EC0-301F-11D3-BF4B-00C04F79EFBC}") = "UnityEngine.UI", "UnityEngine.UI.csproj", "{80E6DB94-09A2-9063-752B-5846EC3820C5}"
EndProject
Project("{FAE04EC0-301F-11D3-BF4B-00C04F79EFBC}") = "Unity.RenderPipelines.Core.Runtime", "Unity.RenderPipelines.Core.Runtime.csproj", "{300E67D9-8FEF-2405-6527-2BDF95F4FC37}"
EndProject
Project("{FAE04EC0-301F-11D3-BF4B-00C04F79EFBC}") = "UnityEngine.TestRunner", "UnityEngine.TestRunner.csproj", "{353C7A62-889B-1E3C-DB8F-F6ADBB77904C}"
EndProject
Project("{FAE04EC0-301F-11D3-BF4B-00C04F79EFBC}") = "Unity.VisualScripting.Flow", "Unity.VisualScripting.Flow.csproj", "{85DE37B4-78BF-19F5-6C8F-A5290A817AFA}"
EndProject
Project("{FAE04EC0-301F-11D3-BF4B-00C04F79EFBC}") = "Unity.Mathematics", "Unity.Mathematics.csproj", "{185CFE7F-DFB7-5165-702C-755ECABD08CB}"
EndProject
Project("{FAE04EC0-301F-11D3-BF4B-00C04F79EFBC}") = "Unity.InputSystem", "Unity.InputSystem.csproj", "{D5CE9116-AF26-FE5D-E6B6-F2E65583F277}"
EndProject
Project("{FAE04EC0-301F-11D3-BF4B-00C04F79EFBC}") = "Unity.VisualScripting.State", "Unity.VisualScripting.State.csproj", "{E506C997-8FF1-DF63-B19D-AFA6283CBFFB}"
EndProject
Project("{FAE04EC0-301F-11D3-BF4B-00C04F79EFBC}") = "Unity.VisualScripting.Core", "Unity.VisualScripting.Core.csproj", "{37E838B4-789E-6F48-0FFA-2BDDBD592FA1}"
EndProject
Project("{FAE04EC0-301F-11D3-BF4B-00C04F79EFBC}") = "Unity.RenderPipelines.Universal.Runtime", "Unity.RenderPipelines.Universal.Runtime.csproj", "{E3F70E20-553B-D08E-E40D-880371F45271}"
EndProject
Project("{FAE04EC0-301F-11D3-BF4B-00C04F79EFBC}") = "Unity.TextMeshPro", "Unity.TextMeshPro.csproj", "{ED55613C-6A38-859D-1C91-A91EA57F655E}"
EndProject
Project("{FAE04EC0-301F-11D3-BF4B-00C04F79EFBC}") = "Cinemachine", "Cinemachine.csproj", "{90E17908-651B-0F9E-FD2E-D45893E34E67}"
EndProject
Project("{FAE04EC0-301F-11D3-BF4B-00C04F79EFBC}") = "Unity.Timeline", "Unity.Timeline.csproj", "{1925E77C-89AB-D833-3136-BB09E875002B}"
EndProject
Project("{FAE04EC0-301F-11D3-BF4B-00C04F79EFBC}") = "Unity.RenderPipeline.Universal.ShaderLibrary", "Unity.RenderPipeline.Universal.ShaderLibrary.csproj", "{EF77FEB9-3CFA-263E-9312-5128F71DD029}"
EndProject
Project("{FAE04EC0-301F-11D3-BF4B-00C04F79EFBC}") = "Unity.InputSystem.ForUI", "Unity.InputSystem.ForUI.csproj", "{848ADBC1-2C51-3F65-9CE7-295551DDA35D}"
EndProject
Project("{FAE04EC0-301F-11D3-BF4B-00C04F79EFBC}") = "Unity.Burst", "Unity.Burst.csproj", "{5BC8F0EC-0BDE-04DC-B760-752CF8077960}"
EndProject
Project("{FAE04EC0-301F-11D3-BF4B-00C04F79EFBC}") = "Assembly-CSharp", "Assembly-CSharp.csproj", "{AF6683BB-FA73-031E-C6F4-853B1803B7CA}"
EndProject
Project("{FAE04EC0-301F-11D3-BF4B-00C04F79EFBC}") = "Unity.InputSystem.TestFramework", "Unity.InputSystem.TestFramework.csproj", "{2FA3D8F2-19C9-A041-1CBA-33A13525FDD8}"
EndProject
Project("{FAE04EC0-301F-11D3-BF4B-00C04F79EFBC}") = "Unity.RenderPipelines.Core.ShaderLibrary", "Unity.RenderPipelines.Core.ShaderLibrary.csproj", "{09E899FE-657C-2553-39A3-73A87A0AA1B6}"
EndProject
Project("{FAE04EC0-301F-11D3-BF4B-00C04F79EFBC}") = "Unity.RenderPipelines.Universal.Shaders", "Unity.RenderPipelines.Universal.Shaders.csproj", "{A8F651BF-C06A-3527-9DFC-5F385396715D}"
EndProject
Project("{FAE04EC0-301F-11D3-BF4B-00C04F79EFBC}") = "Unity.RenderPipelines.ShaderGraph.ShaderGraphLibrary", "Unity.RenderPipelines.ShaderGraph.ShaderGraphLibrary.csproj", "{967D406E-C3CA-ECA8-A5E1-B1B27B0A93E4}"
EndProject
Project("{FAE04EC0-301F-11D3-BF4B-00C04F79EFBC}") = "Unity.PlasticSCM.Editor", "Unity.PlasticSCM.Editor.csproj", "{CE3EFAF4-56B9-BDAC-14F9-D1DECBDCD119}"
EndProject
Project("{FAE04EC0-301F-11D3-BF4B-00C04F79EFBC}") = "Unity.VisualScripting.Core.Editor", "Unity.VisualScripting.Core.Editor.csproj", "{9281CE72-8193-1826-1CF4-15A59D59ADBF}"
EndProject
Project("{FAE04EC0-301F-11D3-BF4B-00C04F79EFBC}") = "Unity.VisualScripting.Flow.Editor", "Unity.VisualScripting.Flow.Editor.csproj", "{CD628BF5-BB44-B7A5-A9F2-33C16DD411EB}"
EndProject
Project("{FAE04EC0-301F-11D3-BF4B-00C04F79EFBC}") = "Unity.ShaderGraph.Editor", "Unity.ShaderGraph.Editor.csproj", "{E6AC8DB3-065D-195A-CA61-DD4A013D5D88}"
EndProject
Project("{FAE04EC0-301F-11D3-BF4B-00C04F79EFBC}") = "Unity.VisualStudio.Editor", "Unity.VisualStudio.Editor.csproj", "{7E880E99-6DE4-4B82-D3DB-345664C7955E}"
EndProject
Project("{FAE04EC0-301F-11D3-BF4B-00C04F79EFBC}") = "Unity.Timeline.Editor", "Unity.Timeline.Editor.csproj", "{40F769A7-7915-89FC-AD1B-6516189B8B49}"
EndProject
Project("{FAE04EC0-301F-11D3-BF4B-00C04F79EFBC}") = "Unity.Burst.CodeGen", "Unity.Burst.CodeGen.csproj", "{990C4EFA-AFE7-13D0-1DE4-557FA31498F5}"
EndProject
Project("{FAE04EC0-301F-11D3-BF4B-00C04F79EFBC}") = "Unity.RenderPipelines.Universal.Editor", "Unity.RenderPipelines.Universal.Editor.csproj", "{24EC6ED1-2CA3-0A53-BF28-DF4A2573CC20}"
EndProject
Project("{FAE04EC0-301F-11D3-BF4B-00C04F79EFBC}") = "com.unity.cinemachine.editor", "com.unity.cinemachine.editor.csproj", "{2C83DC9F-1093-5DDA-40D9-CD2DCEBE8289}"
EndProject
Project("{FAE04EC0-301F-11D3-BF4B-00C04F79EFBC}") = "Unity.VisualScripting.State.Editor", "Unity.VisualScripting.State.Editor.csproj", "{9B0D95E5-72B4-81E1-D4E6-BF02D218A468}"
EndProject
Project("{FAE04EC0-301F-11D3-BF4B-00C04F79EFBC}") = "Unity.TextMeshPro.Editor", "Unity.TextMeshPro.Editor.csproj", "{FEF7AD1A-C2F9-E64A-2C3B-68CF395B23BC}"
EndProject
Project("{FAE04EC0-301F-11D3-BF4B-00C04F79EFBC}") = "Unity.Burst.Editor", "Unity.Burst.Editor.csproj", "{1948E4C6-2F4B-99F0-0CE7-CFC66D96BCBE}"
EndProject
Project("{FAE04EC0-301F-11D3-BF4B-00C04F79EFBC}") = "Unity.RenderPipelines.Core.Editor", "Unity.RenderPipelines.Core.Editor.csproj", "{BC6CE8C5-42B6-9C29-17F7-E9E1DD0D5C1C}"
EndProject
Project("{FAE04EC0-301F-11D3-BF4B-00C04F79EFBC}") = "Unity.VisualScripting.SettingsProvider.Editor", "Unity.VisualScripting.SettingsProvider.Editor.csproj", "{66E1B31A-A61C-96F1-CCD0-2312B8646A31}"
EndProject
Project("{FAE04EC0-301F-11D3-BF4B-00C04F79EFBC}") = "UnityEditor.TestRunner", "UnityEditor.TestRunner.csproj", "{DE5B8FB9-35B6-D963-6F7E-A7B9B86890B7}"
EndProject
Project("{FAE04EC0-301F-11D3-BF4B-00C04F79EFBC}") = "Unity.TestTools.CodeCoverage.Editor", "Unity.TestTools.CodeCoverage.Editor.csproj", "{FC2E7056-26E1-03D4-9FE1-BA0C13F7BCBF}"
EndProject
Project("{FAE04EC0-301F-11D3-BF4B-00C04F79EFBC}") = "Unity.Rider.Editor", "Unity.Rider.Editor.csproj", "{4ED8F370-2230-1FEA-AC1C-0DDDCB5998D4}"
EndProject
Project("{FAE04EC0-301F-11D3-BF4B-00C04F79EFBC}") = "Unity.Performance.Profile-Analyzer.Editor", "Unity.Performance.Profile-Analyzer.Editor.csproj", "{8705FC55-D401-FA3D-6EE1-A3E981BC8FBA}"
EndProject
Project("{FAE04EC0-301F-11D3-BF4B-00C04F79EFBC}") = "Unity.Searcher.Editor", "Unity.Searcher.Editor.csproj", "{19968BAB-DCBF-B5F2-B1BA-5A40074E2AF7}"
EndProject
Project("{FAE04EC0-301F-11D3-BF4B-00C04F79EFBC}") = "Unity.VSCode.Editor", "Unity.VSCode.Editor.csproj", "{4DB13E53-8E45-AE88-A2F8-51AD81FE4AD6}"
EndProject
Project("{FAE04EC0-301F-11D3-BF4B-00C04F79EFBC}") = "Unity.2D.Sprite.Editor", "Unity.2D.Sprite.Editor.csproj", "{F48A4DD1-E123-309D-4A28-ED7A21CCA53C}"
EndProject
Project("{FAE04EC0-301F-11D3-BF4B-00C04F79EFBC}") = "UnityEditor.UI", "UnityEditor.UI.csproj", "{12762397-6065-3EB3-0F18-75F5136D78CC}"
EndProject
Project("{FAE04EC0-301F-11D3-BF4B-00C04F79EFBC}") = "Unity.TestTools.CodeCoverage.Editor.OpenCover.Model", "Unity.TestTools.CodeCoverage.Editor.OpenCover.Model.csproj", "{49B1D734-21F9-152A-A94B-1C40199A1FE2}"
EndProject
Project("{FAE04EC0-301F-11D3-BF4B-00C04F79EFBC}") = "Unity.EditorCoroutines.Editor", "Unity.EditorCoroutines.Editor.csproj", "{E8F63EF2-CF26-40BE-98BC-D3BE4085943A}"
EndProject
Project("{FAE04EC0-301F-11D3-BF4B-00C04F79EFBC}") = "Unity.Settings.Editor", "Unity.Settings.Editor.csproj", "{B0BA4091-5542-95C9-41B5-489EB439F59F}"
EndProject
Project("{FAE04EC0-301F-11D3-BF4B-00C04F79EFBC}") = "PPv2URPConverters", "PPv2URPConverters.csproj", "{2884A09A-2DB1-F492-6B8D-13DEA5369CB3}"
EndProject
Project("{FAE04EC0-301F-11D3-BF4B-00C04F79EFBC}") = "Unity.CollabProxy.Editor", "Unity.CollabProxy.Editor.csproj", "{C970341E-700C-0681-8CBE-F0C2EF1579BB}"
EndProject
Project("{FAE04EC0-301F-11D3-BF4B-00C04F79EFBC}") = "Assembly-CSharp-Editor", "Assembly-CSharp-Editor.csproj", "{BC432861-C213-FB33-556D-36D27369D6A7}"
EndProject
Project("{FAE04EC0-301F-11D3-BF4B-00C04F79EFBC}") = "Unity.Mathematics.Editor", "Unity.Mathematics.Editor.csproj", "{572290B0-FF1B-4D6D-2DE9-6A382595A5AA}"
EndProject
Project("{FAE04EC0-301F-11D3-BF4B-00C04F79EFBC}") = "Unity.ShaderGraph.Utilities", "Unity.ShaderGraph.Utilities.csproj", "{5F16A0EB-81EB-F9B1-9EE4-C95D9BC116D9}"
EndProject
Project("{FAE04EC0-301F-11D3-BF4B-00C04F79EFBC}") = "Unity.TestTools.CodeCoverage.Editor.OpenCover.Mono.Reflection", "Unity.TestTools.CodeCoverage.Editor.OpenCover.Mono.Reflection.csproj", "{1AB78173-EC4C-5059-6498-47AFFC9FA012}"
EndProject
Project("{FAE04EC0-301F-11D3-BF4B-00C04F79EFBC}") = "Unity.VisualScripting.Shared.Editor", "Unity.VisualScripting.Shared.Editor.csproj", "{C395CA0C-6CF4-AC47-CCE9-D0197C0CAB4C}"
EndProject
Global
	GlobalSection(SolutionConfigurationPlatforms) = preSolution
		Debug|Any CPU = Debug|Any CPU
		Release|Any CPU = Release|Any CPU
	EndGlobalSection
	GlobalSection(ProjectConfigurationPlatforms) = postSolution
		{80E6DB94-09A2-9063-752B-5846EC3820C5}.Debug|Any CPU.ActiveCfg = Debug|Any CPU
		{80E6DB94-09A2-9063-752B-5846EC3820C5}.Debug|Any CPU.Build.0 = Debug|Any CPU
		{80E6DB94-09A2-9063-752B-5846EC3820C5}.Release|Any CPU.ActiveCfg = Release|Any CPU
		{80E6DB94-09A2-9063-752B-5846EC3820C5}.Release|Any CPU.Build.0 = Release|Any CPU
		{300E67D9-8FEF-2405-6527-2BDF95F4FC37}.Debug|Any CPU.ActiveCfg = Debug|Any CPU
		{300E67D9-8FEF-2405-6527-2BDF95F4FC37}.Debug|Any CPU.Build.0 = Debug|Any CPU
		{300E67D9-8FEF-2405-6527-2BDF95F4FC37}.Release|Any CPU.ActiveCfg = Release|Any CPU
		{300E67D9-8FEF-2405-6527-2BDF95F4FC37}.Release|Any CPU.Build.0 = Release|Any CPU
		{353C7A62-889B-1E3C-DB8F-F6ADBB77904C}.Debug|Any CPU.ActiveCfg = Debug|Any CPU
		{353C7A62-889B-1E3C-DB8F-F6ADBB77904C}.Debug|Any CPU.Build.0 = Debug|Any CPU
		{353C7A62-889B-1E3C-DB8F-F6ADBB77904C}.Release|Any CPU.ActiveCfg = Release|Any CPU
		{353C7A62-889B-1E3C-DB8F-F6ADBB77904C}.Release|Any CPU.Build.0 = Release|Any CPU
		{85DE37B4-78BF-19F5-6C8F-A5290A817AFA}.Debug|Any CPU.ActiveCfg = Debug|Any CPU
		{85DE37B4-78BF-19F5-6C8F-A5290A817AFA}.Debug|Any CPU.Build.0 = Debug|Any CPU
		{85DE37B4-78BF-19F5-6C8F-A5290A817AFA}.Release|Any CPU.ActiveCfg = Release|Any CPU
		{85DE37B4-78BF-19F5-6C8F-A5290A817AFA}.Release|Any CPU.Build.0 = Release|Any CPU
		{185CFE7F-DFB7-5165-702C-755ECABD08CB}.Debug|Any CPU.ActiveCfg = Debug|Any CPU
		{185CFE7F-DFB7-5165-702C-755ECABD08CB}.Debug|Any CPU.Build.0 = Debug|Any CPU
		{185CFE7F-DFB7-5165-702C-755ECABD08CB}.Release|Any CPU.ActiveCfg = Release|Any CPU
		{185CFE7F-DFB7-5165-702C-755ECABD08CB}.Release|Any CPU.Build.0 = Release|Any CPU
		{D5CE9116-AF26-FE5D-E6B6-F2E65583F277}.Debug|Any CPU.ActiveCfg = Debug|Any CPU
		{D5CE9116-AF26-FE5D-E6B6-F2E65583F277}.Debug|Any CPU.Build.0 = Debug|Any CPU
		{D5CE9116-AF26-FE5D-E6B6-F2E65583F277}.Release|Any CPU.ActiveCfg = Release|Any CPU
		{D5CE9116-AF26-FE5D-E6B6-F2E65583F277}.Release|Any CPU.Build.0 = Release|Any CPU
		{E506C997-8FF1-DF63-B19D-AFA6283CBFFB}.Debug|Any CPU.ActiveCfg = Debug|Any CPU
		{E506C997-8FF1-DF63-B19D-AFA6283CBFFB}.Debug|Any CPU.Build.0 = Debug|Any CPU
		{E506C997-8FF1-DF63-B19D-AFA6283CBFFB}.Release|Any CPU.ActiveCfg = Release|Any CPU
		{E506C997-8FF1-DF63-B19D-AFA6283CBFFB}.Release|Any CPU.Build.0 = Release|Any CPU
		{37E838B4-789E-6F48-0FFA-2BDDBD592FA1}.Debug|Any CPU.ActiveCfg = Debug|Any CPU
		{37E838B4-789E-6F48-0FFA-2BDDBD592FA1}.Debug|Any CPU.Build.0 = Debug|Any CPU
		{37E838B4-789E-6F48-0FFA-2BDDBD592FA1}.Release|Any CPU.ActiveCfg = Release|Any CPU
		{37E838B4-789E-6F48-0FFA-2BDDBD592FA1}.Release|Any CPU.Build.0 = Release|Any CPU
		{E3F70E20-553B-D08E-E40D-880371F45271}.Debug|Any CPU.ActiveCfg = Debug|Any CPU
		{E3F70E20-553B-D08E-E40D-880371F45271}.Debug|Any CPU.Build.0 = Debug|Any CPU
		{E3F70E20-553B-D08E-E40D-880371F45271}.Release|Any CPU.ActiveCfg = Release|Any CPU
		{E3F70E20-553B-D08E-E40D-880371F45271}.Release|Any CPU.Build.0 = Release|Any CPU
		{ED55613C-6A38-859D-1C91-A91EA57F655E}.Debug|Any CPU.ActiveCfg = Debug|Any CPU
		{ED55613C-6A38-859D-1C91-A91EA57F655E}.Debug|Any CPU.Build.0 = Debug|Any CPU
		{ED55613C-6A38-859D-1C91-A91EA57F655E}.Release|Any CPU.ActiveCfg = Release|Any CPU
		{ED55613C-6A38-859D-1C91-A91EA57F655E}.Release|Any CPU.Build.0 = Release|Any CPU
		{90E17908-651B-0F9E-FD2E-D45893E34E67}.Debug|Any CPU.ActiveCfg = Debug|Any CPU
		{90E17908-651B-0F9E-FD2E-D45893E34E67}.Debug|Any CPU.Build.0 = Debug|Any CPU
		{90E17908-651B-0F9E-FD2E-D45893E34E67}.Release|Any CPU.ActiveCfg = Release|Any CPU
		{90E17908-651B-0F9E-FD2E-D45893E34E67}.Release|Any CPU.Build.0 = Release|Any CPU
		{1925E77C-89AB-D833-3136-BB09E875002B}.Debug|Any CPU.ActiveCfg = Debug|Any CPU
		{1925E77C-89AB-D833-3136-BB09E875002B}.Debug|Any CPU.Build.0 = Debug|Any CPU
		{1925E77C-89AB-D833-3136-BB09E875002B}.Release|Any CPU.ActiveCfg = Release|Any CPU
		{1925E77C-89AB-D833-3136-BB09E875002B}.Release|Any CPU.Build.0 = Release|Any CPU
		{EF77FEB9-3CFA-263E-9312-5128F71DD029}.Debug|Any CPU.ActiveCfg = Debug|Any CPU
		{EF77FEB9-3CFA-263E-9312-5128F71DD029}.Debug|Any CPU.Build.0 = Debug|Any CPU
		{EF77FEB9-3CFA-263E-9312-5128F71DD029}.Release|Any CPU.ActiveCfg = Release|Any CPU
		{EF77FEB9-3CFA-263E-9312-5128F71DD029}.Release|Any CPU.Build.0 = Release|Any CPU
		{848ADBC1-2C51-3F65-9CE7-295551DDA35D}.Debug|Any CPU.ActiveCfg = Debug|Any CPU
		{848ADBC1-2C51-3F65-9CE7-295551DDA35D}.Debug|Any CPU.Build.0 = Debug|Any CPU
		{848ADBC1-2C51-3F65-9CE7-295551DDA35D}.Release|Any CPU.ActiveCfg = Release|Any CPU
		{848ADBC1-2C51-3F65-9CE7-295551DDA35D}.Release|Any CPU.Build.0 = Release|Any CPU
		{5BC8F0EC-0BDE-04DC-B760-752CF8077960}.Debug|Any CPU.ActiveCfg = Debug|Any CPU
		{5BC8F0EC-0BDE-04DC-B760-752CF8077960}.Debug|Any CPU.Build.0 = Debug|Any CPU
		{5BC8F0EC-0BDE-04DC-B760-752CF8077960}.Release|Any CPU.ActiveCfg = Release|Any CPU
		{5BC8F0EC-0BDE-04DC-B760-752CF8077960}.Release|Any CPU.Build.0 = Release|Any CPU
		{AF6683BB-FA73-031E-C6F4-853B1803B7CA}.Debug|Any CPU.ActiveCfg = Debug|Any CPU
		{AF6683BB-FA73-031E-C6F4-853B1803B7CA}.Debug|Any CPU.Build.0 = Debug|Any CPU
		{AF6683BB-FA73-031E-C6F4-853B1803B7CA}.Release|Any CPU.ActiveCfg = Release|Any CPU
		{AF6683BB-FA73-031E-C6F4-853B1803B7CA}.Release|Any CPU.Build.0 = Release|Any CPU
		{2FA3D8F2-19C9-A041-1CBA-33A13525FDD8}.Debug|Any CPU.ActiveCfg = Debug|Any CPU
		{2FA3D8F2-19C9-A041-1CBA-33A13525FDD8}.Debug|Any CPU.Build.0 = Debug|Any CPU
		{2FA3D8F2-19C9-A041-1CBA-33A13525FDD8}.Release|Any CPU.ActiveCfg = Release|Any CPU
		{2FA3D8F2-19C9-A041-1CBA-33A13525FDD8}.Release|Any CPU.Build.0 = Release|Any CPU
		{09E899FE-657C-2553-39A3-73A87A0AA1B6}.Debug|Any CPU.ActiveCfg = Debug|Any CPU
		{09E899FE-657C-2553-39A3-73A87A0AA1B6}.Debug|Any CPU.Build.0 = Debug|Any CPU
		{09E899FE-657C-2553-39A3-73A87A0AA1B6}.Release|Any CPU.ActiveCfg = Release|Any CPU
		{09E899FE-657C-2553-39A3-73A87A0AA1B6}.Release|Any CPU.Build.0 = Release|Any CPU
		{A8F651BF-C06A-3527-9DFC-5F385396715D}.Debug|Any CPU.ActiveCfg = Debug|Any CPU
		{A8F651BF-C06A-3527-9DFC-5F385396715D}.Debug|Any CPU.Build.0 = Debug|Any CPU
		{A8F651BF-C06A-3527-9DFC-5F385396715D}.Release|Any CPU.ActiveCfg = Release|Any CPU
		{A8F651BF-C06A-3527-9DFC-5F385396715D}.Release|Any CPU.Build.0 = Release|Any CPU
		{967D406E-C3CA-ECA8-A5E1-B1B27B0A93E4}.Debug|Any CPU.ActiveCfg = Debug|Any CPU
		{967D406E-C3CA-ECA8-A5E1-B1B27B0A93E4}.Debug|Any CPU.Build.0 = Debug|Any CPU
		{967D406E-C3CA-ECA8-A5E1-B1B27B0A93E4}.Release|Any CPU.ActiveCfg = Release|Any CPU
		{967D406E-C3CA-ECA8-A5E1-B1B27B0A93E4}.Release|Any CPU.Build.0 = Release|Any CPU
		{CE3EFAF4-56B9-BDAC-14F9-D1DECBDCD119}.Debug|Any CPU.ActiveCfg = Debug|Any CPU
		{CE3EFAF4-56B9-BDAC-14F9-D1DECBDCD119}.Debug|Any CPU.Build.0 = Debug|Any CPU
		{CE3EFAF4-56B9-BDAC-14F9-D1DECBDCD119}.Release|Any CPU.ActiveCfg = Release|Any CPU
		{CE3EFAF4-56B9-BDAC-14F9-D1DECBDCD119}.Release|Any CPU.Build.0 = Release|Any CPU
		{9281CE72-8193-1826-1CF4-15A59D59ADBF}.Debug|Any CPU.ActiveCfg = Debug|Any CPU
		{9281CE72-8193-1826-1CF4-15A59D59ADBF}.Debug|Any CPU.Build.0 = Debug|Any CPU
		{9281CE72-8193-1826-1CF4-15A59D59ADBF}.Release|Any CPU.ActiveCfg = Release|Any CPU
		{9281CE72-8193-1826-1CF4-15A59D59ADBF}.Release|Any CPU.Build.0 = Release|Any CPU
		{CD628BF5-BB44-B7A5-A9F2-33C16DD411EB}.Debug|Any CPU.ActiveCfg = Debug|Any CPU
		{CD628BF5-BB44-B7A5-A9F2-33C16DD411EB}.Debug|Any CPU.Build.0 = Debug|Any CPU
		{CD628BF5-BB44-B7A5-A9F2-33C16DD411EB}.Release|Any CPU.ActiveCfg = Release|Any CPU
		{CD628BF5-BB44-B7A5-A9F2-33C16DD411EB}.Release|Any CPU.Build.0 = Release|Any CPU
		{E6AC8DB3-065D-195A-CA61-DD4A013D5D88}.Debug|Any CPU.ActiveCfg = Debug|Any CPU
		{E6AC8DB3-065D-195A-CA61-DD4A013D5D88}.Debug|Any CPU.Build.0 = Debug|Any CPU
		{E6AC8DB3-065D-195A-CA61-DD4A013D5D88}.Release|Any CPU.ActiveCfg = Release|Any CPU
		{E6AC8DB3-065D-195A-CA61-DD4A013D5D88}.Release|Any CPU.Build.0 = Release|Any CPU
		{7E880E99-6DE4-4B82-D3DB-345664C7955E}.Debug|Any CPU.ActiveCfg = Debug|Any CPU
		{7E880E99-6DE4-4B82-D3DB-345664C7955E}.Debug|Any CPU.Build.0 = Debug|Any CPU
		{7E880E99-6DE4-4B82-D3DB-345664C7955E}.Release|Any CPU.ActiveCfg = Release|Any CPU
		{7E880E99-6DE4-4B82-D3DB-345664C7955E}.Release|Any CPU.Build.0 = Release|Any CPU
		{40F769A7-7915-89FC-AD1B-6516189B8B49}.Debug|Any CPU.ActiveCfg = Debug|Any CPU
		{40F769A7-7915-89FC-AD1B-6516189B8B49}.Debug|Any CPU.Build.0 = Debug|Any CPU
		{40F769A7-7915-89FC-AD1B-6516189B8B49}.Release|Any CPU.ActiveCfg = Release|Any CPU
		{40F769A7-7915-89FC-AD1B-6516189B8B49}.Release|Any CPU.Build.0 = Release|Any CPU
		{990C4EFA-AFE7-13D0-1DE4-557FA31498F5}.Debug|Any CPU.ActiveCfg = Debug|Any CPU
		{990C4EFA-AFE7-13D0-1DE4-557FA31498F5}.Debug|Any CPU.Build.0 = Debug|Any CPU
		{990C4EFA-AFE7-13D0-1DE4-557FA31498F5}.Release|Any CPU.ActiveCfg = Release|Any CPU
		{990C4EFA-AFE7-13D0-1DE4-557FA31498F5}.Release|Any CPU.Build.0 = Release|Any CPU
		{24EC6ED1-2CA3-0A53-BF28-DF4A2573CC20}.Debug|Any CPU.ActiveCfg = Debug|Any CPU
		{24EC6ED1-2CA3-0A53-BF28-DF4A2573CC20}.Debug|Any CPU.Build.0 = Debug|Any CPU
		{24EC6ED1-2CA3-0A53-BF28-DF4A2573CC20}.Release|Any CPU.ActiveCfg = Release|Any CPU
		{24EC6ED1-2CA3-0A53-BF28-DF4A2573CC20}.Release|Any CPU.Build.0 = Release|Any CPU
		{2C83DC9F-1093-5DDA-40D9-CD2DCEBE8289}.Debug|Any CPU.ActiveCfg = Debug|Any CPU
		{2C83DC9F-1093-5DDA-40D9-CD2DCEBE8289}.Debug|Any CPU.Build.0 = Debug|Any CPU
		{2C83DC9F-1093-5DDA-40D9-CD2DCEBE8289}.Release|Any CPU.ActiveCfg = Release|Any CPU
		{2C83DC9F-1093-5DDA-40D9-CD2DCEBE8289}.Release|Any CPU.Build.0 = Release|Any CPU
		{9B0D95E5-72B4-81E1-D4E6-BF02D218A468}.Debug|Any CPU.ActiveCfg = Debug|Any CPU
		{9B0D95E5-72B4-81E1-D4E6-BF02D218A468}.Debug|Any CPU.Build.0 = Debug|Any CPU
		{9B0D95E5-72B4-81E1-D4E6-BF02D218A468}.Release|Any CPU.ActiveCfg = Release|Any CPU
		{9B0D95E5-72B4-81E1-D4E6-BF02D218A468}.Release|Any CPU.Build.0 = Release|Any CPU
		{FEF7AD1A-C2F9-E64A-2C3B-68CF395B23BC}.Debug|Any CPU.ActiveCfg = Debug|Any CPU
		{FEF7AD1A-C2F9-E64A-2C3B-68CF395B23BC}.Debug|Any CPU.Build.0 = Debug|Any CPU
		{FEF7AD1A-C2F9-E64A-2C3B-68CF395B23BC}.Release|Any CPU.ActiveCfg = Release|Any CPU
		{FEF7AD1A-C2F9-E64A-2C3B-68CF395B23BC}.Release|Any CPU.Build.0 = Release|Any CPU
		{1948E4C6-2F4B-99F0-0CE7-CFC66D96BCBE}.Debug|Any CPU.ActiveCfg = Debug|Any CPU
		{1948E4C6-2F4B-99F0-0CE7-CFC66D96BCBE}.Debug|Any CPU.Build.0 = Debug|Any CPU
		{1948E4C6-2F4B-99F0-0CE7-CFC66D96BCBE}.Release|Any CPU.ActiveCfg = Release|Any CPU
		{1948E4C6-2F4B-99F0-0CE7-CFC66D96BCBE}.Release|Any CPU.Build.0 = Release|Any CPU
		{BC6CE8C5-42B6-9C29-17F7-E9E1DD0D5C1C}.Debug|Any CPU.ActiveCfg = Debug|Any CPU
		{BC6CE8C5-42B6-9C29-17F7-E9E1DD0D5C1C}.Debug|Any CPU.Build.0 = Debug|Any CPU
		{BC6CE8C5-42B6-9C29-17F7-E9E1DD0D5C1C}.Release|Any CPU.ActiveCfg = Release|Any CPU
		{BC6CE8C5-42B6-9C29-17F7-E9E1DD0D5C1C}.Release|Any CPU.Build.0 = Release|Any CPU
		{66E1B31A-A61C-96F1-CCD0-2312B8646A31}.Debug|Any CPU.ActiveCfg = Debug|Any CPU
		{66E1B31A-A61C-96F1-CCD0-2312B8646A31}.Debug|Any CPU.Build.0 = Debug|Any CPU
		{66E1B31A-A61C-96F1-CCD0-2312B8646A31}.Release|Any CPU.ActiveCfg = Release|Any CPU
		{66E1B31A-A61C-96F1-CCD0-2312B8646A31}.Release|Any CPU.Build.0 = Release|Any CPU
		{DE5B8FB9-35B6-D963-6F7E-A7B9B86890B7}.Debug|Any CPU.ActiveCfg = Debug|Any CPU
		{DE5B8FB9-35B6-D963-6F7E-A7B9B86890B7}.Debug|Any CPU.Build.0 = Debug|Any CPU
		{DE5B8FB9-35B6-D963-6F7E-A7B9B86890B7}.Release|Any CPU.ActiveCfg = Release|Any CPU
		{DE5B8FB9-35B6-D963-6F7E-A7B9B86890B7}.Release|Any CPU.Build.0 = Release|Any CPU
		{FC2E7056-26E1-03D4-9FE1-BA0C13F7BCBF}.Debug|Any CPU.ActiveCfg = Debug|Any CPU
		{FC2E7056-26E1-03D4-9FE1-BA0C13F7BCBF}.Debug|Any CPU.Build.0 = Debug|Any CPU
		{FC2E7056-26E1-03D4-9FE1-BA0C13F7BCBF}.Release|Any CPU.ActiveCfg = Release|Any CPU
		{FC2E7056-26E1-03D4-9FE1-BA0C13F7BCBF}.Release|Any CPU.Build.0 = Release|Any CPU
		{4ED8F370-2230-1FEA-AC1C-0DDDCB5998D4}.Debug|Any CPU.ActiveCfg = Debug|Any CPU
		{4ED8F370-2230-1FEA-AC1C-0DDDCB5998D4}.Debug|Any CPU.Build.0 = Debug|Any CPU
		{4ED8F370-2230-1FEA-AC1C-0DDDCB5998D4}.Release|Any CPU.ActiveCfg = Release|Any CPU
		{4ED8F370-2230-1FEA-AC1C-0DDDCB5998D4}.Release|Any CPU.Build.0 = Release|Any CPU
		{8705FC55-D401-FA3D-6EE1-A3E981BC8FBA}.Debug|Any CPU.ActiveCfg = Debug|Any CPU
		{8705FC55-D401-FA3D-6EE1-A3E981BC8FBA}.Debug|Any CPU.Build.0 = Debug|Any CPU
		{8705FC55-D401-FA3D-6EE1-A3E981BC8FBA}.Release|Any CPU.ActiveCfg = Release|Any CPU
		{8705FC55-D401-FA3D-6EE1-A3E981BC8FBA}.Release|Any CPU.Build.0 = Release|Any CPU
		{19968BAB-DCBF-B5F2-B1BA-5A40074E2AF7}.Debug|Any CPU.ActiveCfg = Debug|Any CPU
		{19968BAB-DCBF-B5F2-B1BA-5A40074E2AF7}.Debug|Any CPU.Build.0 = Debug|Any CPU
		{19968BAB-DCBF-B5F2-B1BA-5A40074E2AF7}.Release|Any CPU.ActiveCfg = Release|Any CPU
		{19968BAB-DCBF-B5F2-B1BA-5A40074E2AF7}.Release|Any CPU.Build.0 = Release|Any CPU
		{4DB13E53-8E45-AE88-A2F8-51AD81FE4AD6}.Debug|Any CPU.ActiveCfg = Debug|Any CPU
		{4DB13E53-8E45-AE88-A2F8-51AD81FE4AD6}.Debug|Any CPU.Build.0 = Debug|Any CPU
		{4DB13E53-8E45-AE88-A2F8-51AD81FE4AD6}.Release|Any CPU.ActiveCfg = Release|Any CPU
		{4DB13E53-8E45-AE88-A2F8-51AD81FE4AD6}.Release|Any CPU.Build.0 = Release|Any CPU
		{F48A4DD1-E123-309D-4A28-ED7A21CCA53C}.Debug|Any CPU.ActiveCfg = Debug|Any CPU
		{F48A4DD1-E123-309D-4A28-ED7A21CCA53C}.Debug|Any CPU.Build.0 = Debug|Any CPU
		{F48A4DD1-E123-309D-4A28-ED7A21CCA53C}.Release|Any CPU.ActiveCfg = Release|Any CPU
		{F48A4DD1-E123-309D-4A28-ED7A21CCA53C}.Release|Any CPU.Build.0 = Release|Any CPU
		{12762397-6065-3EB3-0F18-75F5136D78CC}.Debug|Any CPU.ActiveCfg = Debug|Any CPU
		{12762397-6065-3EB3-0F18-75F5136D78CC}.Debug|Any CPU.Build.0 = Debug|Any CPU
		{12762397-6065-3EB3-0F18-75F5136D78CC}.Release|Any CPU.ActiveCfg = Release|Any CPU
		{12762397-6065-3EB3-0F18-75F5136D78CC}.Release|Any CPU.Build.0 = Release|Any CPU
		{49B1D734-21F9-152A-A94B-1C40199A1FE2}.Debug|Any CPU.ActiveCfg = Debug|Any CPU
		{49B1D734-21F9-152A-A94B-1C40199A1FE2}.Debug|Any CPU.Build.0 = Debug|Any CPU
		{49B1D734-21F9-152A-A94B-1C40199A1FE2}.Release|Any CPU.ActiveCfg = Release|Any CPU
		{49B1D734-21F9-152A-A94B-1C40199A1FE2}.Release|Any CPU.Build.0 = Release|Any CPU
		{E8F63EF2-CF26-40BE-98BC-D3BE4085943A}.Debug|Any CPU.ActiveCfg = Debug|Any CPU
		{E8F63EF2-CF26-40BE-98BC-D3BE4085943A}.Debug|Any CPU.Build.0 = Debug|Any CPU
		{E8F63EF2-CF26-40BE-98BC-D3BE4085943A}.Release|Any CPU.ActiveCfg = Release|Any CPU
		{E8F63EF2-CF26-40BE-98BC-D3BE4085943A}.Release|Any CPU.Build.0 = Release|Any CPU
		{B0BA4091-5542-95C9-41B5-489EB439F59F}.Debug|Any CPU.ActiveCfg = Debug|Any CPU
		{B0BA4091-5542-95C9-41B5-489EB439F59F}.Debug|Any CPU.Build.0 = Debug|Any CPU
		{B0BA4091-5542-95C9-41B5-489EB439F59F}.Release|Any CPU.ActiveCfg = Release|Any CPU
		{B0BA4091-5542-95C9-41B5-489EB439F59F}.Release|Any CPU.Build.0 = Release|Any CPU
		{2884A09A-2DB1-F492-6B8D-13DEA5369CB3}.Debug|Any CPU.ActiveCfg = Debug|Any CPU
		{2884A09A-2DB1-F492-6B8D-13DEA5369CB3}.Debug|Any CPU.Build.0 = Debug|Any CPU
		{2884A09A-2DB1-F492-6B8D-13DEA5369CB3}.Release|Any CPU.ActiveCfg = Release|Any CPU
		{2884A09A-2DB1-F492-6B8D-13DEA5369CB3}.Release|Any CPU.Build.0 = Release|Any CPU
		{C970341E-700C-0681-8CBE-F0C2EF1579BB}.Debug|Any CPU.ActiveCfg = Debug|Any CPU
		{C970341E-700C-0681-8CBE-F0C2EF1579BB}.Debug|Any CPU.Build.0 = Debug|Any CPU
		{C970341E-700C-0681-8CBE-F0C2EF1579BB}.Release|Any CPU.ActiveCfg = Release|Any CPU
		{C970341E-700C-0681-8CBE-F0C2EF1579BB}.Release|Any CPU.Build.0 = Release|Any CPU
		{BC432861-C213-FB33-556D-36D27369D6A7}.Debug|Any CPU.ActiveCfg = Debug|Any CPU
		{BC432861-C213-FB33-556D-36D27369D6A7}.Debug|Any CPU.Build.0 = Debug|Any CPU
		{BC432861-C213-FB33-556D-36D27369D6A7}.Release|Any CPU.ActiveCfg = Release|Any CPU
		{BC432861-C213-FB33-556D-36D27369D6A7}.Release|Any CPU.Build.0 = Release|Any CPU
		{572290B0-FF1B-4D6D-2DE9-6A382595A5AA}.Debug|Any CPU.ActiveCfg = Debug|Any CPU
		{572290B0-FF1B-4D6D-2DE9-6A382595A5AA}.Debug|Any CPU.Build.0 = Debug|Any CPU
		{572290B0-FF1B-4D6D-2DE9-6A382595A5AA}.Release|Any CPU.ActiveCfg = Release|Any CPU
		{572290B0-FF1B-4D6D-2DE9-6A382595A5AA}.Release|Any CPU.Build.0 = Release|Any CPU
		{5F16A0EB-81EB-F9B1-9EE4-C95D9BC116D9}.Debug|Any CPU.ActiveCfg = Debug|Any CPU
		{5F16A0EB-81EB-F9B1-9EE4-C95D9BC116D9}.Debug|Any CPU.Build.0 = Debug|Any CPU
		{5F16A0EB-81EB-F9B1-9EE4-C95D9BC116D9}.Release|Any CPU.ActiveCfg = Release|Any CPU
		{5F16A0EB-81EB-F9B1-9EE4-C95D9BC116D9}.Release|Any CPU.Build.0 = Release|Any CPU
		{1AB78173-EC4C-5059-6498-47AFFC9FA012}.Debug|Any CPU.ActiveCfg = Debug|Any CPU
		{1AB78173-EC4C-5059-6498-47AFFC9FA012}.Debug|Any CPU.Build.0 = Debug|Any CPU
		{1AB78173-EC4C-5059-6498-47AFFC9FA012}.Release|Any CPU.ActiveCfg = Release|Any CPU
		{1AB78173-EC4C-5059-6498-47AFFC9FA012}.Release|Any CPU.Build.0 = Release|Any CPU
		{C395CA0C-6CF4-AC47-CCE9-D0197C0CAB4C}.Debug|Any CPU.ActiveCfg = Debug|Any CPU
		{C395CA0C-6CF4-AC47-CCE9-D0197C0CAB4C}.Debug|Any CPU.Build.0 = Debug|Any CPU
		{C395CA0C-6CF4-AC47-CCE9-D0197C0CAB4C}.Release|Any CPU.ActiveCfg = Release|Any CPU
		{C395CA0C-6CF4-AC47-CCE9-D0197C0CAB4C}.Release|Any CPU.Build.0 = Release|Any CPU
	EndGlobalSection
	GlobalSection(SolutionProperties) = preSolution
		HideSolutionNode = FALSE
	EndGlobalSection
EndGlobal
